
Microsoft Visual Studio Solution File, Format Version 12.00
# Visual Studio 15
VisualStudioVersion = 15.0.28307.539
MinimumVisualStudioVersion = 10.0.40219.1
Project("{FAE04EC0-301F-11D3-BF4B-00C04F79EFBC}") = "AmazingAgendaConsoleApp", "AmazingAgendaConsoleApp\AmazingAgendaConsoleApp.csproj", "{158B20AB-6083-42FD-B385-3DB65D8F4106}"
EndProject
Global
	GlobalSection(SolutionConfigurationPlatforms) = preSolution
		Debug|Any CPU = Debug|Any CPU
		Release|Any CPU = Release|Any CPU
	EndGlobalSection
	GlobalSection(ProjectConfigurationPlatforms) = postSolution
		{158B20AB-6083-42FD-B385-3DB65D8F4106}.Debug|Any CPU.ActiveCfg = Debug|Any CPU
		{158B20AB-6083-42FD-B385-3DB65D8F4106}.Debug|Any CPU.Build.0 = Debug|Any CPU
		{158B20AB-6083-42FD-B385-3DB65D8F4106}.Release|Any CPU.ActiveCfg = Release|Any CPU
		{158B20AB-6083-42FD-B385-3DB65D8F4106}.Release|Any CPU.Build.0 = Release|Any CPU
	EndGlobalSection
	GlobalSection(SolutionProperties) = preSolution
		HideSolutionNode = FALSE
	EndGlobalSection
	GlobalSection(ExtensibilityGlobals) = postSolution
		SolutionGuid = {B91C919B-C110-4A63-BBE1-BD8EB2E12F41}
	EndGlobalSection
EndGlobal
